
Microsoft Visual Studio Solution File, Format Version 12.00
# Visual Studio 15
VisualStudioVersion = 15.0.28010.2026
MinimumVisualStudioVersion = 10.0.40219.1
Project("{9A19103F-16F7-4668-BE54-9A1E7A4F7556}") = "BankApp", "BankApp\BankApp.csproj", "{7B8F2319-52C2-44FE-9758-A8BE52C76257}"
EndProject
Project("{FAE04EC0-301F-11D3-BF4B-00C04F79EFBC}") = "BankUI", "BankUI\BankUI.csproj", "{00A29C5D-9F64-4104-9DFF-C9B782B93058}"
EndProject
Global
	GlobalSection(SolutionConfigurationPlatforms) = preSolution
		Debug|Any CPU = Debug|Any CPU
		Release|Any CPU = Release|Any CPU
	EndGlobalSection
	GlobalSection(ProjectConfigurationPlatforms) = postSolution
		{7B8F2319-52C2-44FE-9758-A8BE52C76257}.Debug|Any CPU.ActiveCfg = Debug|Any CPU
		{7B8F2319-52C2-44FE-9758-A8BE52C76257}.Debug|Any CPU.Build.0 = Debug|Any CPU
		{7B8F2319-52C2-44FE-9758-A8BE52C76257}.Release|Any CPU.ActiveCfg = Release|Any CPU
		{7B8F2319-52C2-44FE-9758-A8BE52C76257}.Release|Any CPU.Build.0 = Release|Any CPU
		{00A29C5D-9F64-4104-9DFF-C9B782B93058}.Debug|Any CPU.ActiveCfg = Debug|Any CPU
		{00A29C5D-9F64-4104-9DFF-C9B782B93058}.Debug|Any CPU.Build.0 = Debug|Any CPU
		{00A29C5D-9F64-4104-9DFF-C9B782B93058}.Release|Any CPU.ActiveCfg = Release|Any CPU
		{00A29C5D-9F64-4104-9DFF-C9B782B93058}.Release|Any CPU.Build.0 = Release|Any CPU
	EndGlobalSection
	GlobalSection(SolutionProperties) = preSolution
		HideSolutionNode = FALSE
	EndGlobalSection
	GlobalSection(ExtensibilityGlobals) = postSolution
		SolutionGuid = {6B75D431-5C04-47FF-AA0D-AC2633107D13}
	EndGlobalSection
EndGlobal
